
Microsoft Visual Studio Solution File, Format Version 12.00
# Visual Studio Version 16
VisualStudioVersion = 16.0.31129.286
MinimumVisualStudioVersion = 10.0.40219.1
Project("{9A19103F-16F7-4668-BE54-9A1E7A4F7556}") = "NBPCurrencyAPILib", "NBPCurrencyAPILib\NBPCurrencyAPILib.csproj", "{A3596941-BDF6-4C3D-BB5F-FC9B1865CD42}"
EndProject
Project("{FAE04EC0-301F-11D3-BF4B-00C04F79EFBC}") = "NBPCurrencyAPILibTests", "NBPCurrencyAPILibTests\NBPCurrencyAPILibTests.csproj", "{A8B22F45-B9C5-48F3-B56E-993DE41C38EC}"
EndProject
Global
	GlobalSection(SolutionConfigurationPlatforms) = preSolution
		Debug|Any CPU = Debug|Any CPU
		Release|Any CPU = Release|Any CPU
	EndGlobalSection
	GlobalSection(ProjectConfigurationPlatforms) = postSolution
		{A3596941-BDF6-4C3D-BB5F-FC9B1865CD42}.Debug|Any CPU.ActiveCfg = Debug|Any CPU
		{A3596941-BDF6-4C3D-BB5F-FC9B1865CD42}.Debug|Any CPU.Build.0 = Debug|Any CPU
		{A3596941-BDF6-4C3D-BB5F-FC9B1865CD42}.Release|Any CPU.ActiveCfg = Release|Any CPU
		{A3596941-BDF6-4C3D-BB5F-FC9B1865CD42}.Release|Any CPU.Build.0 = Release|Any CPU
		{A8B22F45-B9C5-48F3-B56E-993DE41C38EC}.Debug|Any CPU.ActiveCfg = Debug|Any CPU
		{A8B22F45-B9C5-48F3-B56E-993DE41C38EC}.Debug|Any CPU.Build.0 = Debug|Any CPU
		{A8B22F45-B9C5-48F3-B56E-993DE41C38EC}.Release|Any CPU.ActiveCfg = Release|Any CPU
		{A8B22F45-B9C5-48F3-B56E-993DE41C38EC}.Release|Any CPU.Build.0 = Release|Any CPU
	EndGlobalSection
	GlobalSection(SolutionProperties) = preSolution
		HideSolutionNode = FALSE
	EndGlobalSection
	GlobalSection(ExtensibilityGlobals) = postSolution
		SolutionGuid = {F3F1F436-05AC-4A25-9205-FF3E49F3D290}
	EndGlobalSection
EndGlobal
